lockfileVersion: 5.4

specifiers:
  '@elephant-healthcare/config-provider': 1.5.3
  extract-tld: ^1.1.1
  react: 18.2.0
  typescript: 5.4.3

dependencies:
  '@elephant-healthcare/config-provider': 1.5.3_cxb65ekrtd6awtninm5rhvstfy
  extract-tld: 1.1.1
  react: 18.2.0
  typescript: 5.4.3

packages:

  /@elephant-healthcare/config-provider/1.5.3_cxb65ekrtd6awtninm5rhvstfy:
    resolution: {integrity: sha512-zBzT+vMUReumOLQ1AE8Zf34iX/TxIvLbthKawiiaj5TCE1UX8w4XcwAtRtwYKylPZshZwfhkmiXQK9lsnsWqwg==}
    peerDependencies:
      react: ^16.14.0 || 17 || 18
      typescript: ^4.4
    dependencies:
      react: 18.2.0
      typescript: 5.4.3
    dev: false

  /extract-tld/1.1.1:
    resolution: {integrity: sha512-Dx/m80CWNinPE37NjdjOZGtCr7yMGxQ0z9hEZQGP5HJ3aE6Iid55bEUiM9UUYMlU6ZP9Fm8RwnwELluZ/AE7vA==}
    dev: false

  /js-tokens/4.0.0:
    resolution: {integrity: sha512-RdJUflcE3cUzKiMqQgsCu06FPu9UdIJO0beYbPhHN4k6apgJtifcoCtT9bcxOpYBtpD2kCM6Sbzg4CausW/PKQ==}
    dev: false

  /loose-envify/1.4.0:
    resolution: {integrity: sha512-lyuxPGr/Wfhrlem2CL/UcnUc1zcqKAImBDzukY7Y5F/yQiNdko6+fRLevlw1HgMySw7f611UIY408EtxRSoK3Q==}
    hasBin: true
    dependencies:
      js-tokens: 4.0.0
    dev: false

  /react/18.2.0:
    resolution: {integrity: sha512-/3IjMdb2L9QbBdWiW5e3P2/npwMBaU9mHCSCUzNln0ZCYbcfTsGbTJrU/kGemdH2IWmB2ioZ+zkxtmq6g09fGQ==}
    engines: {node: '>=0.10.0'}
    dependencies:
      loose-envify: 1.4.0
    dev: false

  /typescript/5.4.3:
    resolution: {integrity: sha512-KrPd3PKaCLr78MalgiwJnA25Nm8HAmdwN3mYUYZgG/wizIo9EainNVQI9/yDavtVFRN2h3k8uf3GLHuhDMgEHg==}
    engines: {node: '>=14.17'}
    hasBin: true
    dev: false
