lockfileVersion: 5.4

specifiers:
  '@elephant-healthcare/config-provider': 2.1.0
  extract-tld: ^1.1.1
  react: 18.2.0
  typescript: 4.7.4

dependencies:
  '@elephant-healthcare/config-provider': 2.1.0_qtbnez4q7bzoc4eqybg3efzzxe
  extract-tld: 1.1.1
  react: 18.2.0
  typescript: 4.7.4

packages:

  /@elephant-healthcare/config-provider/2.1.0_qtbnez4q7bzoc4eqybg3efzzxe:
    resolution: {integrity: sha512-sYyXao8D5R5scTF9LsbDzPJYUR7Qz/rc9HixXHUfXNxmXqgRfQVRqOSeRRv2T7JiNUjZm/avzFRVbw9CW0ymhw==}
    engines: {node: '>=18.15'}
    peerDependencies:
      react: ^16.14.0 || 17 || 18
      typescript: ^4.4
    dependencies:
      react: 18.2.0
      typescript: 4.7.4
    dev: false

  /extract-tld/1.1.1:
    resolution: {integrity: sha512-Dx/m80CWNinPE37NjdjOZGtCr7yMGxQ0z9hEZQGP5HJ3aE6Iid55bEUiM9UUYMlU6ZP9Fm8RwnwELluZ/AE7vA==}
    dev: false

  /js-tokens/4.0.0:
    resolution: {integrity: sha512-RdJUflcE3cUzKiMqQgsCu06FPu9UdIJO0beYbPhHN4k6apgJtifcoCtT9bcxOpYBtpD2kCM6Sbzg4CausW/PKQ==}
    dev: false

  /loose-envify/1.4.0:
    resolution: {integrity: sha512-lyuxPGr/Wfhrlem2CL/UcnUc1zcqKAImBDzukY7Y5F/yQiNdko6+fRLevlw1HgMySw7f611UIY408EtxRSoK3Q==}
    hasBin: true
    dependencies:
      js-tokens: 4.0.0
    dev: false

  /react/18.2.0:
    resolution: {integrity: sha512-/3IjMdb2L9QbBdWiW5e3P2/npwMBaU9mHCSCUzNln0ZCYbcfTsGbTJrU/kGemdH2IWmB2ioZ+zkxtmq6g09fGQ==}
    engines: {node: '>=0.10.0'}
    dependencies:
      loose-envify: 1.4.0
    dev: false

  /typescript/4.7.4:
    resolution: {integrity: sha512-C0WQT0gezHuw6AdY1M2jxUO83Rjf0HP7Sk1DtXj6j1EwkQNZrHAg2XPWlq62oqEhYvONq5pkC2Y9oPljWToLmQ==}
    engines: {node: '>=4.2.0'}
    hasBin: true
    dev: false
